// !$*UTF8*$!
{
	archiveVersion = 1;
	classes = {
	};
	objectVersion = 46;
	objects = {

/* Begin PBXBuildFile section */
		6A46893A1978CB1000A8143F /* AOProjectileNode.m in Sources */ = {isa = PBXBuildFile; fileRef = 6A4689391978CB1000A8143F /* AOProjectileNode.m */; };
		6A46893D1979C1E500A8143F /* AOGamePlayScene.m in Sources */ = {isa = PBXBuildFile; fileRef = 6A46893C1979C1E500A8143F /* AOGamePlayScene.m */; };
		6A4689401979CC0700A8143F /* AOMeteorNode.m in Sources */ = {isa = PBXBuildFile; fileRef = 6A46893F1979CC0700A8143F /* AOMeteorNode.m */; };
		6A468943197A3ADA00A8143F /* Explosion.sks in Resources */ = {isa = PBXBuildFile; fileRef = 6A468941197A3ADA00A8143F /* Explosion.sks */; };
		6A468944197A3ADA00A8143F /* spark.png in Resources */ = {isa = PBXBuildFile; fileRef = 6A468942197A3ADA00A8143F /* spark.png */; };
		6A468946197DB06300A8143F /* AVFoundation.framework in Frameworks */ = {isa = PBXBuildFile; fileRef = 6A468945197DB06300A8143F /* AVFoundation.framework */; };
		6A468949197DB34900A8143F /* GameOverMusic.mp3 in Resources */ = {isa = PBXBuildFile; fileRef = 6A468947197DB34900A8143F /* GameOverMusic.mp3 */; };
		6A46894A197DB34900A8143F /* StartScreen.mp3 in Resources */ = {isa = PBXBuildFile; fileRef = 6A468948197DB34900A8143F /* StartScreen.mp3 */; };
		6A468969197DCF0E00A8143F /* AOHudNode.m in Sources */ = {isa = PBXBuildFile; fileRef = 6A468968197DCF0E00A8143F /* AOHudNode.m */; };
		6A497DBD1981D3C800179369 /* GameOverVoice.caf in Resources */ = {isa = PBXBuildFile; fileRef = 6A497DBC1981D3C800179369 /* GameOverVoice.caf */; };
		6A497DBF1981D5D100179369 /* Explosion2.caf in Resources */ = {isa = PBXBuildFile; fileRef = 6A497DBE1981D5D100179369 /* Explosion2.caf */; };
		6A497DC11981D6BC00179369 /* hit2.caf in Resources */ = {isa = PBXBuildFile; fileRef = 6A497DC01981D6BC00179369 /* hit2.caf */; };
		6A497DC31981F9CA00179369 /* start3.caf in Resources */ = {isa = PBXBuildFile; fileRef = 6A497DC21981F9CA00179369 /* start3.caf */; };
		6A546A351980BA5800733B19 /* Explosion.caf in Resources */ = {isa = PBXBuildFile; fileRef = 6A546A301980BA5800733B19 /* Explosion.caf */; };
		6A546A361980BA5800733B19 /* Fire.caf in Resources */ = {isa = PBXBuildFile; fileRef = 6A546A311980BA5800733B19 /* Fire.caf */; };
		6A546A381980BA5800733B19 /* hit.caf in Resources */ = {isa = PBXBuildFile; fileRef = 6A546A331980BA5800733B19 /* hit.caf */; };
		6A546A391980BA5800733B19 /* start.caf in Resources */ = {isa = PBXBuildFile; fileRef = 6A546A341980BA5800733B19 /* start.caf */; };
		6A6A968C1995CE3700E220C0 /* AOAmmoNode.m in Sources */ = {isa = PBXBuildFile; fileRef = 6A6A968B1995CE3700E220C0 /* AOAmmoNode.m */; };
		6A6A96921995F8E400E220C0 /* Social.framework in Frameworks */ = {isa = PBXBuildFile; fileRef = 6A6A96911995F8E400E220C0 /* Social.framework */; };
		6A6A96971996D10700E220C0 /* sprites.atlas in Resources */ = {isa = PBXBuildFile; fileRef = 6A6A96961996D10700E220C0 /* sprites.atlas */; };
		6A6A969A199732F000E220C0 /* FMMParallaxNode.m in Sources */ = {isa = PBXBuildFile; fileRef = 6A6A9699199732F000E220C0 /* FMMParallaxNode.m */; };
		6A6A96A1199739F700E220C0 /* bg_front_spacedust.png in Resources */ = {isa = PBXBuildFile; fileRef = 6A6A969C199739F700E220C0 /* bg_front_spacedust.png */; };
		6A6A96A2199739F700E220C0 /* bg_galaxy.png in Resources */ = {isa = PBXBuildFile; fileRef = 6A6A969D199739F700E220C0 /* bg_galaxy.png */; };
		6A6A96A3199739F700E220C0 /* bg_planetsunrise.png in Resources */ = {isa = PBXBuildFile; fileRef = 6A6A969E199739F700E220C0 /* bg_planetsunrise.png */; };
		6A6A96A4199739F700E220C0 /* bg_spacialanomaly.png in Resources */ = {isa = PBXBuildFile; fileRef = 6A6A969F199739F700E220C0 /* bg_spacialanomaly.png */; };
		6A6A96A5199739F700E220C0 /* bg_spacialanomaly2.png in Resources */ = {isa = PBXBuildFile; fileRef = 6A6A96A0199739F700E220C0 /* bg_spacialanomaly2.png */; };
		6A6A96A81997F5C400E220C0 /* PBParallaxScrolling.m in Sources */ = {isa = PBXBuildFile; fileRef = 6A6A96A71997F5C400E220C0 /* PBParallaxScrolling.m */; };
		6A6A96AB1998534400E220C0 /* AOGameData.m in Sources */ = {isa = PBXBuildFile; fileRef = 6A6A96AA1998534400E220C0 /* AOGameData.m */; };
		6AB1151B1975DC08004F8B15 /* Foundation.framework in Frameworks */ = {isa = PBXBuildFile; fileRef = 6AB1151A1975DC08004F8B15 /* Foundation.framework */; };
		6AB1151D1975DC08004F8B15 /* CoreGraphics.framework in Frameworks */ = {isa = PBXBuildFile; fileRef = 6AB1151C1975DC08004F8B15 /* CoreGraphics.framework */; };
		6AB1151F1975DC08004F8B15 /* UIKit.framework in Frameworks */ = {isa = PBXBuildFile; fileRef = 6AB1151E1975DC08004F8B15 /* UIKit.framework */; };
		6AB115211975DC08004F8B15 /* SpriteKit.framework in Frameworks */ = {isa = PBXBuildFile; fileRef = 6AB115201975DC08004F8B15 /* SpriteKit.framework */; };
		6AB115271975DC08004F8B15 /* InfoPlist.strings in Resources */ = {isa = PBXBuildFile; fileRef = 6AB115251975DC08004F8B15 /* InfoPlist.strings */; };
		6AB115291975DC08004F8B15 /* main.m in Sources */ = {isa = PBXBuildFile; fileRef = 6AB115281975DC08004F8B15 /* main.m */; };
		6AB1152D1975DC08004F8B15 /* AOAppDelegate.m in Sources */ = {isa = PBXBuildFile; fileRef = 6AB1152C1975DC08004F8B15 /* AOAppDelegate.m */; };
		6AB115301975DC08004F8B15 /* Main.storyboard in Resources */ = {isa = PBXBuildFile; fileRef = 6AB1152E1975DC08004F8B15 /* Main.storyboard */; };
		6AB115331975DC08004F8B15 /* AOViewController.m in Sources */ = {isa = PBXBuildFile; fileRef = 6AB115321975DC08004F8B15 /* AOViewController.m */; };
		6AB1153A1975DC08004F8B15 /* Images.xcassets in Resources */ = {isa = PBXBuildFile; fileRef = 6AB115391975DC08004F8B15 /* Images.xcassets */; };
		6AB115411975DC08004F8B15 /* XCTest.framework in Frameworks */ = {isa = PBXBuildFile; fileRef = 6AB115401975DC08004F8B15 /* XCTest.framework */; };
		6AB115421975DC08004F8B15 /* Foundation.framework in Frameworks */ = {isa = PBXBuildFile; fileRef = 6AB1151A1975DC08004F8B15 /* Foundation.framework */; };
		6AB115431975DC08004F8B15 /* UIKit.framework in Frameworks */ = {isa = PBXBuildFile; fileRef = 6AB1151E1975DC08004F8B15 /* UIKit.framework */; };
		6AB1154B1975DC08004F8B15 /* InfoPlist.strings in Resources */ = {isa = PBXBuildFile; fileRef = 6AB115491975DC08004F8B15 /* InfoPlist.strings */; };
		6AB1154D1975DC08004F8B15 /* SpaceBlasterTests.m in Sources */ = {isa = PBXBuildFile; fileRef = 6AB1154C1975DC08004F8B15 /* SpaceBlasterTests.m */; };
		6AB115581975DD8B004F8B15 /* AOTitleScene.m in Sources */ = {isa = PBXBuildFile; fileRef = 6AB115571975DD8B004F8B15 /* AOTitleScene.m */; };
		6AB1155D1975E234004F8B15 /* AOBackgroundNode.m in Sources */ = {isa = PBXBuildFile; fileRef = 6AB1155C1975E234004F8B15 /* AOBackgroundNode.m */; };
		6AB115601975E6B7004F8B15 /* AOGameOverNode.m in Sources */ = {isa = PBXBuildFile; fileRef = 6AB1155F1975E6B7004F8B15 /* AOGameOverNode.m */; };
		6AB115631975E768004F8B15 /* AOMainTitleNode.m in Sources */ = {isa = PBXBuildFile; fileRef = 6AB115621975E768004F8B15 /* AOMainTitleNode.m */; };
		6AB1156A1975E9CC004F8B15 /* OFL.txt in Resources */ = {isa = PBXBuildFile; fileRef = 6AB115651975E9CC004F8B15 /* OFL.txt */; };
		6AB1156B1975E9CC004F8B15 /* Orbitron-Black.ttf in Resources */ = {isa = PBXBuildFile; fileRef = 6AB115661975E9CC004F8B15 /* Orbitron-Black.ttf */; };
		6AB1156C1975E9CC004F8B15 /* Orbitron-Bold.ttf in Resources */ = {isa = PBXBuildFile; fileRef = 6AB115671975E9CC004F8B15 /* Orbitron-Bold.ttf */; };
		6AB1156D1975E9CC004F8B15 /* Orbitron-Medium.ttf in Resources */ = {isa = PBXBuildFile; fileRef = 6AB115681975E9CC004F8B15 /* Orbitron-Medium.ttf */; };
		6AB1156E1975E9CC004F8B15 /* Orbitron-Regular.ttf in Resources */ = {isa = PBXBuildFile; fileRef = 6AB115691975E9CC004F8B15 /* Orbitron-Regular.ttf */; };
		6AB115741975FA2F004F8B15 /* AOStartGameNode.m in Sources */ = {isa = PBXBuildFile; fileRef = 6AB115731975FA2F004F8B15 /* AOStartGameNode.m */; };
		6AB115771975FD00004F8B15 /* AOSpaceShipNode.m in Sources */ = {isa = PBXBuildFile; fileRef = 6AB115761975FD00004F8B15 /* AOSpaceShipNode.m */; };
		6AB1157A19764698004F8B15 /* AOUtil.m in Sources */ = {isa = PBXBuildFile; fileRef = 6AB1157919764698004F8B15 /* AOUtil.m */; };
		6AB1157C19764C94004F8B15 /* CoreMotion.framework in Frameworks */ = {isa = PBXBuildFile; fileRef = 6AB1157B19764C94004F8B15 /* CoreMotion.framework */; };
/* End PBXBuildFile section */

/* Begin PBXContainerItemProxy section */
		6AB115441975DC08004F8B15 /* PBXContainerItemProxy */ = {
			isa = PBXContainerItemProxy;
			containerPortal = 6AB1150F1975DC08004F8B15 /* Project object */;
			proxyType = 1;
			remoteGlobalIDString = 6AB115161975DC08004F8B15;
			remoteInfo = SpaceBlaster;
		};
/* End PBXContainerItemProxy section */

/* Begin PBXFileReference section */
		6A4689381978CB1000A8143F /* AOProjectileNode.h */ = {isa = PBXFileReference; fileEncoding = 4; lastKnownFileType = sourcecode.c.h; path = AOProjectileNode.h; sourceTree = "<group>"; };
		6A4689391978CB1000A8143F /* AOProjectileNode.m */ = {isa = PBXFileReference; fileEncoding = 4; lastKnownFileType = sourcecode.c.objc; path = AOProjectileNode.m; sourceTree = "<group>"; };
		6A46893B1979C1E500A8143F /* AOGamePlayScene.h */ = {isa = PBXFileReference; fileEncoding = 4; lastKnownFileType = sourcecode.c.h; path = AOGamePlayScene.h; sourceTree = "<group>"; };
		6A46893C1979C1E500A8143F /* AOGamePlayScene.m */ = {isa = PBXFileReference; fileEncoding = 4; lastKnownFileType = sourcecode.c.objc; path = AOGamePlayScene.m; sourceTree = "<group>"; };
		6A46893E1979CC0700A8143F /* AOMeteorNode.h */ = {isa = PBXFileReference; fileEncoding = 4; lastKnownFileType = sourcecode.c.h; path = AOMeteorNode.h; sourceTree = "<group>"; };
		6A46893F1979CC0700A8143F /* AOMeteorNode.m */ = {isa = PBXFileReference; fileEncoding = 4; lastKnownFileType = sourcecode.c.objc; path = AOMeteorNode.m; sourceTree = "<group>"; };
		6A468941197A3ADA00A8143F /* Explosion.sks */ = {isa = PBXFileReference; lastKnownFileType = file.sks; path = Explosion.sks; sourceTree = "<group>"; };
		6A468942197A3ADA00A8143F /* spark.png */ = {isa = PBXFileReference; lastKnownFileType = image.png; path = spark.png; sourceTree = "<group>"; };
		6A468945197DB06300A8143F /* AVFoundation.framework */ = {isa = PBXFileReference; lastKnownFileType = wrapper.framework; name = AVFoundation.framework; path = System/Library/Frameworks/AVFoundation.framework; sourceTree = SDKROOT; };
		6A468947197DB34900A8143F /* GameOverMusic.mp3 */ = {isa = PBXFileReference; lastKnownFileType = audio.mp3; path = GameOverMusic.mp3; sourceTree = "<group>"; };
		6A468948197DB34900A8143F /* StartScreen.mp3 */ = {isa = PBXFileReference; lastKnownFileType = audio.mp3; path = StartScreen.mp3; sourceTree = "<group>"; };
		6A468967197DCF0E00A8143F /* AOHudNode.h */ = {isa = PBXFileReference; fileEncoding = 4; lastKnownFileType = sourcecode.c.h; name = AOHudNode.h; path = ../AOHudNode.h; sourceTree = "<group>"; };
		6A468968197DCF0E00A8143F /* AOHudNode.m */ = {isa = PBXFileReference; fileEncoding = 4; lastKnownFileType = sourcecode.c.objc; name = AOHudNode.m; path = ../AOHudNode.m; sourceTree = "<group>"; };
		6A497DBC1981D3C800179369 /* GameOverVoice.caf */ = {isa = PBXFileReference; lastKnownFileType = file; path = GameOverVoice.caf; sourceTree = "<group>"; };
		6A497DBE1981D5D100179369 /* Explosion2.caf */ = {isa = PBXFileReference; lastKnownFileType = file; path = Explosion2.caf; sourceTree = "<group>"; };
		6A497DC01981D6BC00179369 /* hit2.caf */ = {isa = PBXFileReference; lastKnownFileType = file; path = hit2.caf; sourceTree = "<group>"; };
		6A497DC21981F9CA00179369 /* start3.caf */ = {isa = PBXFileReference; lastKnownFileType = file; path = start3.caf; sourceTree = "<group>"; };
		6A546A301980BA5800733B19 /* Explosion.caf */ = {isa = PBXFileReference; lastKnownFileType = file; path = Explosion.caf; sourceTree = "<group>"; };
		6A546A311980BA5800733B19 /* Fire.caf */ = {isa = PBXFileReference; lastKnownFileType = file; path = Fire.caf; sourceTree = "<group>"; };
		6A546A331980BA5800733B19 /* hit.caf */ = {isa = PBXFileReference; lastKnownFileType = file; path = hit.caf; sourceTree = "<group>"; };
		6A546A341980BA5800733B19 /* start.caf */ = {isa = PBXFileReference; lastKnownFileType = file; path = start.caf; sourceTree = "<group>"; };
		6A6A968A1995CE3700E220C0 /* AOAmmoNode.h */ = {isa = PBXFileReference; fileEncoding = 4; lastKnownFileType = sourcecode.c.h; path = AOAmmoNode.h; sourceTree = "<group>"; };
		6A6A968B1995CE3700E220C0 /* AOAmmoNode.m */ = {isa = PBXFileReference; fileEncoding = 4; lastKnownFileType = sourcecode.c.objc; path = AOAmmoNode.m; sourceTree = "<group>"; };
		6A6A96911995F8E400E220C0 /* Social.framework */ = {isa = PBXFileReference; lastKnownFileType = wrapper.framework; name = Social.framework; path = System/Library/Frameworks/Social.framework; sourceTree = SDKROOT; };
		6A6A96961996D10700E220C0 /* sprites.atlas */ = {isa = PBXFileReference; lastKnownFileType = folder.skatlas; path = sprites.atlas; sourceTree = "<group>"; };
		6A6A9698199732F000E220C0 /* FMMParallaxNode.h */ = {isa = PBXFileReference; fileEncoding = 4; lastKnownFileType = sourcecode.c.h; path = FMMParallaxNode.h; sourceTree = "<group>"; };
		6A6A9699199732F000E220C0 /* FMMParallaxNode.m */ = {isa = PBXFileReference; fileEncoding = 4; lastKnownFileType = sourcecode.c.objc; path = FMMParallaxNode.m; sourceTree = "<group>"; };
		6A6A969C199739F700E220C0 /* bg_front_spacedust.png */ = {isa = PBXFileReference; lastKnownFileType = image.png; path = bg_front_spacedust.png; sourceTree = "<group>"; };
		6A6A969D199739F700E220C0 /* bg_galaxy.png */ = {isa = PBXFileReference; lastKnownFileType = image.png; path = bg_galaxy.png; sourceTree = "<group>"; };
		6A6A969E199739F700E220C0 /* bg_planetsunrise.png */ = {isa = PBXFileReference; lastKnownFileType = image.png; path = bg_planetsunrise.png; sourceTree = "<group>"; };
		6A6A969F199739F700E220C0 /* bg_spacialanomaly.png */ = {isa = PBXFileReference; lastKnownFileType = image.png; path = bg_spacialanomaly.png; sourceTree = "<group>"; };
		6A6A96A0199739F700E220C0 /* bg_spacialanomaly2.png */ = {isa = PBXFileReference; lastKnownFileType = image.png; path = bg_spacialanomaly2.png; sourceTree = "<group>"; };
		6A6A96A61997F5C400E220C0 /* PBParallaxScrolling.h */ = {isa = PBXFileReference; fileEncoding = 4; lastKnownFileType = sourcecode.c.h; path = PBParallaxScrolling.h; sourceTree = "<group>"; };
		6A6A96A71997F5C400E220C0 /* PBParallaxScrolling.m */ = {isa = PBXFileReference; fileEncoding = 4; lastKnownFileType = sourcecode.c.objc; path = PBParallaxScrolling.m; sourceTree = "<group>"; };
		6A6A96A91998534400E220C0 /* AOGameData.h */ = {isa = PBXFileReference; fileEncoding = 4; lastKnownFileType = sourcecode.c.h; path = AOGameData.h; sourceTree = "<group>"; };
		6A6A96AA1998534400E220C0 /* AOGameData.m */ = {isa = PBXFileReference; fileEncoding = 4; lastKnownFileType = sourcecode.c.objc; path = AOGameData.m; sourceTree = "<group>"; };
		6AB115171975DC08004F8B15 /* RockBlaster.app */ = {isa = PBXFileReference; explicitFileType = wrapper.application; includeInIndex = 0; path = RockBlaster.app; sourceTree = BUILT_PRODUCTS_DIR; };
		6AB1151A1975DC08004F8B15 /* Foundation.framework */ = {isa = PBXFileReference; lastKnownFileType = wrapper.framework; name = Foundation.framework; path = System/Library/Frameworks/Foundation.framework; sourceTree = SDKROOT; };
		6AB1151C1975DC08004F8B15 /* CoreGraphics.framework */ = {isa = PBXFileReference; lastKnownFileType = wrapper.framework; name = CoreGraphics.framework; path = System/Library/Frameworks/CoreGraphics.framework; sourceTree = SDKROOT; };
		6AB1151E1975DC08004F8B15 /* UIKit.framework */ = {isa = PBXFileReference; lastKnownFileType = wrapper.framework; name = UIKit.framework; path = System/Library/Frameworks/UIKit.framework; sourceTree = SDKROOT; };
		6AB115201975DC08004F8B15 /* SpriteKit.framework */ = {isa = PBXFileReference; lastKnownFileType = wrapper.framework; name = SpriteKit.framework; path = System/Library/Frameworks/SpriteKit.framework; sourceTree = SDKROOT; };
		6AB115241975DC08004F8B15 /* RockBlaster-Info.plist */ = {isa = PBXFileReference; lastKnownFileType = text.plist.xml; path = "RockBlaster-Info.plist"; sourceTree = "<group>"; };
		6AB115261975DC08004F8B15 /* en */ = {isa = PBXFileReference; lastKnownFileType = text.plist.strings; name = en; path = en.lproj/InfoPlist.strings; sourceTree = "<group>"; };
		6AB115281975DC08004F8B15 /* main.m */ = {isa = PBXFileReference; lastKnownFileType = sourcecode.c.objc; path = main.m; sourceTree = "<group>"; };
		6AB1152A1975DC08004F8B15 /* RockBlaster-Prefix.pch */ = {isa = PBXFileReference; lastKnownFileType = sourcecode.c.h; path = "RockBlaster-Prefix.pch"; sourceTree = "<group>"; };
		6AB1152B1975DC08004F8B15 /* AOAppDelegate.h */ = {isa = PBXFileReference; lastKnownFileType = sourcecode.c.h; path = AOAppDelegate.h; sourceTree = "<group>"; };
		6AB1152C1975DC08004F8B15 /* AOAppDelegate.m */ = {isa = PBXFileReference; lastKnownFileType = sourcecode.c.objc; path = AOAppDelegate.m; sourceTree = "<group>"; };
		6AB1152F1975DC08004F8B15 /* Base */ = {isa = PBXFileReference; lastKnownFileType = file.storyboard; name = Base; path = Base.lproj/Main.storyboard; sourceTree = "<group>"; };
		6AB115311975DC08004F8B15 /* AOViewController.h */ = {isa = PBXFileReference; lastKnownFileType = sourcecode.c.h; path = AOViewController.h; sourceTree = "<group>"; };
		6AB115321975DC08004F8B15 /* AOViewController.m */ = {isa = PBXFileReference; lastKnownFileType = sourcecode.c.objc; path = AOViewController.m; sourceTree = "<group>"; };
		6AB115391975DC08004F8B15 /* Images.xcassets */ = {isa = PBXFileReference; lastKnownFileType = folder.assetcatalog; path = Images.xcassets; sourceTree = "<group>"; };
		6AB1153F1975DC08004F8B15 /* RockBlasterTests.xctest */ = {isa = PBXFileReference; explicitFileType = wrapper.cfbundle; includeInIndex = 0; path = RockBlasterTests.xctest; sourceTree = BUILT_PRODUCTS_DIR; };
		6AB115401975DC08004F8B15 /* XCTest.framework */ = {isa = PBXFileReference; lastKnownFileType = wrapper.framework; name = XCTest.framework; path = Library/Frameworks/XCTest.framework; sourceTree = DEVELOPER_DIR; };
		6AB115481975DC08004F8B15 /* RockBlasterTests-Info.plist */ = {isa = PBXFileReference; lastKnownFileType = text.plist.xml; path = "RockBlasterTests-Info.plist"; sourceTree = "<group>"; };
		6AB1154A1975DC08004F8B15 /* en */ = {isa = PBXFileReference; lastKnownFileType = text.plist.strings; name = en; path = en.lproj/InfoPlist.strings; sourceTree = "<group>"; };
		6AB1154C1975DC08004F8B15 /* SpaceBlasterTests.m */ = {isa = PBXFileReference; lastKnownFileType = sourcecode.c.objc; path = SpaceBlasterTests.m; sourceTree = "<group>"; };
		6AB115561975DD8B004F8B15 /* AOTitleScene.h */ = {isa = PBXFileReference; fileEncoding = 4; lastKnownFileType = sourcecode.c.h; path = AOTitleScene.h; sourceTree = "<group>"; };
		6AB115571975DD8B004F8B15 /* AOTitleScene.m */ = {isa = PBXFileReference; fileEncoding = 4; lastKnownFileType = sourcecode.c.objc; path = AOTitleScene.m; sourceTree = "<group>"; };
		6AB1155B1975E234004F8B15 /* AOBackgroundNode.h */ = {isa = PBXFileReference; fileEncoding = 4; lastKnownFileType = sourcecode.c.h; path = AOBackgroundNode.h; sourceTree = "<group>"; };
		6AB1155C1975E234004F8B15 /* AOBackgroundNode.m */ = {isa = PBXFileReference; fileEncoding = 4; lastKnownFileType = sourcecode.c.objc; path = AOBackgroundNode.m; sourceTree = "<group>"; };
		6AB1155E1975E6B7004F8B15 /* AOGameOverNode.h */ = {isa = PBXFileReference; fileEncoding = 4; lastKnownFileType = sourcecode.c.h; path = AOGameOverNode.h; sourceTree = "<group>"; };
		6AB1155F1975E6B7004F8B15 /* AOGameOverNode.m */ = {isa = PBXFileReference; fileEncoding = 4; lastKnownFileType = sourcecode.c.objc; path = AOGameOverNode.m; sourceTree = "<group>"; };
		6AB115611975E768004F8B15 /* AOMainTitleNode.h */ = {isa = PBXFileReference; fileEncoding = 4; lastKnownFileType = sourcecode.c.h; path = AOMainTitleNode.h; sourceTree = "<group>"; };
		6AB115621975E768004F8B15 /* AOMainTitleNode.m */ = {isa = PBXFileReference; fileEncoding = 4; lastKnownFileType = sourcecode.c.objc; path = AOMainTitleNode.m; sourceTree = "<group>"; };
		6AB115651975E9CC004F8B15 /* OFL.txt */ = {isa = PBXFileReference; fileEncoding = 4; lastKnownFileType = text; path = OFL.txt; sourceTree = "<group>"; };
		6AB115661975E9CC004F8B15 /* Orbitron-Black.ttf */ = {isa = PBXFileReference; lastKnownFileType = file; path = "Orbitron-Black.ttf"; sourceTree = "<group>"; };
		6AB115671975E9CC004F8B15 /* Orbitron-Bold.ttf */ = {isa = PBXFileReference; lastKnownFileType = file; path = "Orbitron-Bold.ttf"; sourceTree = "<group>"; };
		6AB115681975E9CC004F8B15 /* Orbitron-Medium.ttf */ = {isa = PBXFileReference; lastKnownFileType = file; path = "Orbitron-Medium.ttf"; sourceTree = "<group>"; };
		6AB115691975E9CC004F8B15 /* Orbitron-Regular.ttf */ = {isa = PBXFileReference; lastKnownFileType = file; path = "Orbitron-Regular.ttf"; sourceTree = "<group>"; };
		6AB115721975FA2F004F8B15 /* AOStartGameNode.h */ = {isa = PBXFileReference; fileEncoding = 4; lastKnownFileType = sourcecode.c.h; path = AOStartGameNode.h; sourceTree = "<group>"; };
		6AB115731975FA2F004F8B15 /* AOStartGameNode.m */ = {isa = PBXFileReference; fileEncoding = 4; lastKnownFileType = sourcecode.c.objc; path = AOStartGameNode.m; sourceTree = "<group>"; };
		6AB115751975FD00004F8B15 /* AOSpaceShipNode.h */ = {isa = PBXFileReference; fileEncoding = 4; lastKnownFileType = sourcecode.c.h; path = AOSpaceShipNode.h; sourceTree = "<group>"; };
		6AB115761975FD00004F8B15 /* AOSpaceShipNode.m */ = {isa = PBXFileReference; fileEncoding = 4; lastKnownFileType = sourcecode.c.objc; path = AOSpaceShipNode.m; sourceTree = "<group>"; };
		6AB1157819764698004F8B15 /* AOUtil.h */ = {isa = PBXFileReference; fileEncoding = 4; lastKnownFileType = sourcecode.c.h; path = AOUtil.h; sourceTree = "<group>"; };
		6AB1157919764698004F8B15 /* AOUtil.m */ = {isa = PBXFileReference; fileEncoding = 4; lastKnownFileType = sourcecode.c.objc; path = AOUtil.m; sourceTree = "<group>"; };
		6AB1157B19764C94004F8B15 /* CoreMotion.framework */ = {isa = PBXFileReference; lastKnownFileType = wrapper.framework; name = CoreMotion.framework; path = System/Library/Frameworks/CoreMotion.framework; sourceTree = SDKROOT; };
/* End PBXFileReference section */

/* Begin PBXFrameworksBuildPhase section */
		6AB115141975DC08004F8B15 /* Frameworks */ = {
			isa = PBXFrameworksBuildPhase;
			buildActionMask = 2147483647;
			files = (
				6A6A96921995F8E400E220C0 /* Social.framework in Frameworks */,
				6A468946197DB06300A8143F /* AVFoundation.framework in Frameworks */,
				6AB1157C19764C94004F8B15 /* CoreMotion.framework in Frameworks */,
				6AB1151D1975DC08004F8B15 /* CoreGraphics.framework in Frameworks */,
				6AB1151F1975DC08004F8B15 /* UIKit.framework in Frameworks */,
				6AB115211975DC08004F8B15 /* SpriteKit.framework in Frameworks */,
				6AB1151B1975DC08004F8B15 /* Foundation.framework in Frameworks */,
			);
			runOnlyForDeploymentPostprocessing = 0;
		};
		6AB1153C1975DC08004F8B15 /* Frameworks */ = {
			isa = PBXFrameworksBuildPhase;
			buildActionMask = 2147483647;
			files = (
				6AB115411975DC08004F8B15 /* XCTest.framework in Frameworks */,
				6AB115431975DC08004F8B15 /* UIKit.framework in Frameworks */,
				6AB115421975DC08004F8B15 /* Foundation.framework in Frameworks */,
			);
			runOnlyForDeploymentPostprocessing = 0;
		};
/* End PBXFrameworksBuildPhase section */

/* Begin PBXGroup section */
		6A468929197746F300A8143F /* Sounds */ = {
			isa = PBXGroup;
			children = (
				6A497DC21981F9CA00179369 /* start3.caf */,
				6A497DC01981D6BC00179369 /* hit2.caf */,
				6A546A301980BA5800733B19 /* Explosion.caf */,
				6A497DBE1981D5D100179369 /* Explosion2.caf */,
				6A546A311980BA5800733B19 /* Fire.caf */,
				6A546A331980BA5800733B19 /* hit.caf */,
				6A546A341980BA5800733B19 /* start.caf */,
				6A497DBC1981D3C800179369 /* GameOverVoice.caf */,
				6A468947197DB34900A8143F /* GameOverMusic.mp3 */,
				6A468948197DB34900A8143F /* StartScreen.mp3 */,
			);
			name = Sounds;
			sourceTree = "<group>";
		};
		6A6A969B199739E200E220C0 /* Backgrounds */ = {
			isa = PBXGroup;
			children = (
				6A6A969C199739F700E220C0 /* bg_front_spacedust.png */,
				6A6A969D199739F700E220C0 /* bg_galaxy.png */,
				6A6A969E199739F700E220C0 /* bg_planetsunrise.png */,
				6A6A969F199739F700E220C0 /* bg_spacialanomaly.png */,
				6A6A96A0199739F700E220C0 /* bg_spacialanomaly2.png */,
			);
			name = Backgrounds;
			sourceTree = "<group>";
		};
		6AB1150E1975DC08004F8B15 = {
			isa = PBXGroup;
			children = (
				6AB115221975DC08004F8B15 /* SpaceBlaster */,
				6AB115461975DC08004F8B15 /* SpaceBlasterTests */,
				6AB115191975DC08004F8B15 /* Frameworks */,
				6AB115181975DC08004F8B15 /* Products */,
			);
			sourceTree = "<group>";
		};
		6AB115181975DC08004F8B15 /* Products */ = {
			isa = PBXGroup;
			children = (
				6AB115171975DC08004F8B15 /* RockBlaster.app */,
				6AB1153F1975DC08004F8B15 /* RockBlasterTests.xctest */,
			);
			name = Products;
			sourceTree = "<group>";
		};
		6AB115191975DC08004F8B15 /* Frameworks */ = {
			isa = PBXGroup;
			children = (
				6A6A96911995F8E400E220C0 /* Social.framework */,
				6A468945197DB06300A8143F /* AVFoundation.framework */,
				6AB1157B19764C94004F8B15 /* CoreMotion.framework */,
				6AB1151A1975DC08004F8B15 /* Foundation.framework */,
				6AB1151C1975DC08004F8B15 /* CoreGraphics.framework */,
				6AB1151E1975DC08004F8B15 /* UIKit.framework */,
				6AB115201975DC08004F8B15 /* SpriteKit.framework */,
				6AB115401975DC08004F8B15 /* XCTest.framework */,
			);
			name = Frameworks;
			sourceTree = "<group>";
		};
		6AB115221975DC08004F8B15 /* SpaceBlaster */ = {
			isa = PBXGroup;
			children = (
				6A6A969B199739E200E220C0 /* Backgrounds */,
				6A468929197746F300A8143F /* Sounds */,
				6AB115751975FD00004F8B15 /* AOSpaceShipNode.h */,
				6AB115761975FD00004F8B15 /* AOSpaceShipNode.m */,
				6A6A96A91998534400E220C0 /* AOGameData.h */,
				6A6A96AA1998534400E220C0 /* AOGameData.m */,
				6A6A968A1995CE3700E220C0 /* AOAmmoNode.h */,
				6A6A968B1995CE3700E220C0 /* AOAmmoNode.m */,
				6A468967197DCF0E00A8143F /* AOHudNode.h */,
				6A468968197DCF0E00A8143F /* AOHudNode.m */,
				6A46893E1979CC0700A8143F /* AOMeteorNode.h */,
				6A46893F1979CC0700A8143F /* AOMeteorNode.m */,
				6A46893B1979C1E500A8143F /* AOGamePlayScene.h */,
				6A46893C1979C1E500A8143F /* AOGamePlayScene.m */,
				6A4689381978CB1000A8143F /* AOProjectileNode.h */,
				6A4689391978CB1000A8143F /* AOProjectileNode.m */,
				6AB115561975DD8B004F8B15 /* AOTitleScene.h */,
				6AB115571975DD8B004F8B15 /* AOTitleScene.m */,
				6AB1155B1975E234004F8B15 /* AOBackgroundNode.h */,
				6AB1155C1975E234004F8B15 /* AOBackgroundNode.m */,
				6AB1155E1975E6B7004F8B15 /* AOGameOverNode.h */,
				6AB1155F1975E6B7004F8B15 /* AOGameOverNode.m */,
				6AB115611975E768004F8B15 /* AOMainTitleNode.h */,
				6AB115621975E768004F8B15 /* AOMainTitleNode.m */,
				6AB115721975FA2F004F8B15 /* AOStartGameNode.h */,
				6AB115731975FA2F004F8B15 /* AOStartGameNode.m */,
				6AB1157819764698004F8B15 /* AOUtil.h */,
				6AB1157919764698004F8B15 /* AOUtil.m */,
				6A468941197A3ADA00A8143F /* Explosion.sks */,
				6A468942197A3ADA00A8143F /* spark.png */,
				6AB115391975DC08004F8B15 /* Images.xcassets */,
				6A6A96961996D10700E220C0 /* sprites.atlas */,
				6AB115641975E9CC004F8B15 /* Font */,
				6AB115231975DC08004F8B15 /* Supporting Files */,
			);
			path = SpaceBlaster;
			sourceTree = "<group>";
		};
		6AB115231975DC08004F8B15 /* Supporting Files */ = {
			isa = PBXGroup;
			children = (
				6A6A96A61997F5C400E220C0 /* PBParallaxScrolling.h */,
				6A6A96A71997F5C400E220C0 /* PBParallaxScrolling.m */,
				6A6A9698199732F000E220C0 /* FMMParallaxNode.h */,
				6A6A9699199732F000E220C0 /* FMMParallaxNode.m */,
				6AB1152B1975DC08004F8B15 /* AOAppDelegate.h */,
				6AB1152C1975DC08004F8B15 /* AOAppDelegate.m */,
				6AB1152E1975DC08004F8B15 /* Main.storyboard */,
				6AB115311975DC08004F8B15 /* AOViewController.h */,
				6AB115321975DC08004F8B15 /* AOViewController.m */,
				6AB115241975DC08004F8B15 /* RockBlaster-Info.plist */,
				6AB115251975DC08004F8B15 /* InfoPlist.strings */,
				6AB115281975DC08004F8B15 /* main.m */,
				6AB1152A1975DC08004F8B15 /* RockBlaster-Prefix.pch */,
			);
			name = "Supporting Files";
			sourceTree = "<group>";
		};
		6AB115461975DC08004F8B15 /* SpaceBlasterTests */ = {
			isa = PBXGroup;
			children = (
				6AB1154C1975DC08004F8B15 /* SpaceBlasterTests.m */,
				6AB115471975DC08004F8B15 /* Supporting Files */,
			);
			path = SpaceBlasterTests;
			sourceTree = "<group>";
		};
		6AB115471975DC08004F8B15 /* Supporting Files */ = {
			isa = PBXGroup;
			children = (
				6AB115481975DC08004F8B15 /* RockBlasterTests-Info.plist */,
				6AB115491975DC08004F8B15 /* InfoPlist.strings */,
			);
			name = "Supporting Files";
			sourceTree = "<group>";
		};
		6AB115641975E9CC004F8B15 /* Font */ = {
			isa = PBXGroup;
			children = (
				6AB115651975E9CC004F8B15 /* OFL.txt */,
				6AB115661975E9CC004F8B15 /* Orbitron-Black.ttf */,
				6AB115671975E9CC004F8B15 /* Orbitron-Bold.ttf */,
				6AB115681975E9CC004F8B15 /* Orbitron-Medium.ttf */,
				6AB115691975E9CC004F8B15 /* Orbitron-Regular.ttf */,
			);
			path = Font;
			sourceTree = "<group>";
		};
/* End PBXGroup section */

/* Begin PBXNativeTarget section */
		6AB115161975DC08004F8B15 /* RockBlaster */ = {
			isa = PBXNativeTarget;
			buildConfigurationList = 6AB115501975DC08004F8B15 /* Build configuration list for PBXNativeTarget "RockBlaster" */;
			buildPhases = (
				6AB115131975DC08004F8B15 /* Sources */,
				6AB115141975DC08004F8B15 /* Frameworks */,
				6AB115151975DC08004F8B15 /* Resources */,
			);
			buildRules = (
			);
			dependencies = (
			);
			name = RockBlaster;
			productName = SpaceBlaster;
			productReference = 6AB115171975DC08004F8B15 /* RockBlaster.app */;
			productType = "com.apple.product-type.application";
		};
		6AB1153E1975DC08004F8B15 /* RockBlasterTests */ = {
			isa = PBXNativeTarget;
			buildConfigurationList = 6AB115531975DC08004F8B15 /* Build configuration list for PBXNativeTarget "RockBlasterTests" */;
			buildPhases = (
				6AB1153B1975DC08004F8B15 /* Sources */,
				6AB1153C1975DC08004F8B15 /* Frameworks */,
				6AB1153D1975DC08004F8B15 /* Resources */,
			);
			buildRules = (
			);
			dependencies = (
				6AB115451975DC08004F8B15 /* PBXTargetDependency */,
			);
			name = RockBlasterTests;
			productName = SpaceBlasterTests;
			productReference = 6AB1153F1975DC08004F8B15 /* RockBlasterTests.xctest */;
			productType = "com.apple.product-type.bundle.unit-test";
		};
/* End PBXNativeTarget section */

/* Begin PBXProject section */
		6AB1150F1975DC08004F8B15 /* Project object */ = {
			isa = PBXProject;
			attributes = {
				CLASSPREFIX = AO;
				LastUpgradeCheck = 0510;
				ORGANIZATIONNAME = Aldominium;
				TargetAttributes = {
					6AB115161975DC08004F8B15 = {
						DevelopmentTeam = JG33WEBD85;
					};
					6AB1153E1975DC08004F8B15 = {
						TestTargetID = 6AB115161975DC08004F8B15;
					};
				};
			};
			buildConfigurationList = 6AB115121975DC08004F8B15 /* Build configuration list for PBXProject "RockBlaster" */;
			compatibilityVersion = "Xcode 3.2";
			developmentRegion = English;
			hasScannedForEncodings = 0;
			knownRegions = (
				en,
				Base,
			);
			mainGroup = 6AB1150E1975DC08004F8B15;
			productRefGroup = 6AB115181975DC08004F8B15 /* Products */;
			projectDirPath = "";
			projectRoot = "";
			targets = (
				6AB115161975DC08004F8B15 /* RockBlaster */,
				6AB1153E1975DC08004F8B15 /* RockBlasterTests */,
			);
		};
/* End PBXProject section */

/* Begin PBXResourcesBuildPhase section */
		6AB115151975DC08004F8B15 /* Resources */ = {
			isa = PBXResourcesBuildPhase;
			buildActionMask = 2147483647;
			files = (
				6A468949197DB34900A8143F /* GameOverMusic.mp3 in Resources */,
				6A497DBF1981D5D100179369 /* Explosion2.caf in Resources */,
				6A546A391980BA5800733B19 /* start.caf in Resources */,
				6A497DC11981D6BC00179369 /* hit2.caf in Resources */,
				6A468944197A3ADA00A8143F /* spark.png in Resources */,
				6A6A96A2199739F700E220C0 /* bg_galaxy.png in Resources */,
				6A546A351980BA5800733B19 /* Explosion.caf in Resources */,
				6A546A381980BA5800733B19 /* hit.caf in Resources */,
				6A6A96971996D10700E220C0 /* sprites.atlas in Resources */,
				6AB1156A1975E9CC004F8B15 /* OFL.txt in Resources */,
				6A6A96A1199739F700E220C0 /* bg_front_spacedust.png in Resources */,
				6A546A361980BA5800733B19 /* Fire.caf in Resources */,
				6A497DC31981F9CA00179369 /* start3.caf in Resources */,
				6AB1156E1975E9CC004F8B15 /* Orbitron-Regular.ttf in Resources */,
				6A6A96A4199739F700E220C0 /* bg_spacialanomaly.png in Resources */,
				6AB1156D1975E9CC004F8B15 /* Orbitron-Medium.ttf in Resources */,
				6AB1156C1975E9CC004F8B15 /* Orbitron-Bold.ttf in Resources */,
				6A46894A197DB34900A8143F /* StartScreen.mp3 in Resources */,
				6AB115271975DC08004F8B15 /* InfoPlist.strings in Resources */,
				6AB1153A1975DC08004F8B15 /* Images.xcassets in Resources */,
				6AB1156B1975E9CC004F8B15 /* Orbitron-Black.ttf in Resources */,
				6A6A96A5199739F700E220C0 /* bg_spacialanomaly2.png in Resources */,
				6A6A96A3199739F700E220C0 /* bg_planetsunrise.png in Resources */,
				6A468943197A3ADA00A8143F /* Explosion.sks in Resources */,
				6A497DBD1981D3C800179369 /* GameOverVoice.caf in Resources */,
				6AB115301975DC08004F8B15 /* Main.storyboard in Resources */,
			);
			runOnlyForDeploymentPostprocessing = 0;
		};
		6AB1153D1975DC08004F8B15 /* Resources */ = {
			isa = PBXResourcesBuildPhase;
			buildActionMask = 2147483647;
			files = (
				6AB1154B1975DC08004F8B15 /* InfoPlist.strings in Resources */,
			);
			runOnlyForDeploymentPostprocessing = 0;
		};
/* End PBXResourcesBuildPhase section */

/* Begin PBXSourcesBuildPhase section */
		6AB115131975DC08004F8B15 /* Sources */ = {
			isa = PBXSourcesBuildPhase;
			buildActionMask = 2147483647;
			files = (
				6A46893A1978CB1000A8143F /* AOProjectileNode.m in Sources */,
				6A468969197DCF0E00A8143F /* AOHudNode.m in Sources */,
				6AB1155D1975E234004F8B15 /* AOBackgroundNode.m in Sources */,
				6A46893D1979C1E500A8143F /* AOGamePlayScene.m in Sources */,
				6AB1152D1975DC08004F8B15 /* AOAppDelegate.m in Sources */,
				6AB115741975FA2F004F8B15 /* AOStartGameNode.m in Sources */,
				6A6A96A81997F5C400E220C0 /* PBParallaxScrolling.m in Sources */,
				6AB115631975E768004F8B15 /* AOMainTitleNode.m in Sources */,
				6AB115771975FD00004F8B15 /* AOSpaceShipNode.m in Sources */,
				6A6A968C1995CE3700E220C0 /* AOAmmoNode.m in Sources */,
				6AB1157A19764698004F8B15 /* AOUtil.m in Sources */,
				6A6A96AB1998534400E220C0 /* AOGameData.m in Sources */,
				6AB115581975DD8B004F8B15 /* AOTitleScene.m in Sources */,
				6AB115331975DC08004F8B15 /* AOViewController.m in Sources */,
				6AB115291975DC08004F8B15 /* main.m in Sources */,
				6AB115601975E6B7004F8B15 /* AOGameOverNode.m in Sources */,
				6A6A969A199732F000E220C0 /* FMMParallaxNode.m in Sources */,
				6A4689401979CC0700A8143F /* AOMeteorNode.m in Sources */,
			);
			runOnlyForDeploymentPostprocessing = 0;
		};
		6AB1153B1975DC08004F8B15 /* Sources */ = {
			isa = PBXSourcesBuildPhase;
			buildActionMask = 2147483647;
			files = (
				6AB1154D1975DC08004F8B15 /* SpaceBlasterTests.m in Sources */,
			);
			runOnlyForDeploymentPostprocessing = 0;
		};
/* End PBXSourcesBuildPhase section */

/* Begin PBXTargetDependency section */
		6AB115451975DC08004F8B15 /* PBXTargetDependency */ = {
			isa = PBXTargetDependency;
			target = 6AB115161975DC08004F8B15 /* RockBlaster */;
			targetProxy = 6AB115441975DC08004F8B15 /* PBXContainerItemProxy */;
		};
/* End PBXTargetDependency section */

/* Begin PBXVariantGroup section */
		6AB115251975DC08004F8B15 /* InfoPlist.strings */ = {
			isa = PBXVariantGroup;
			children = (
				6AB115261975DC08004F8B15 /* en */,
			);
			name = InfoPlist.strings;
			sourceTree = "<group>";
		};
		6AB1152E1975DC08004F8B15 /* Main.storyboard */ = {
			isa = PBXVariantGroup;
			children = (
				6AB1152F1975DC08004F8B15 /* Base */,
			);
			name = Main.storyboard;
			sourceTree = "<group>";
		};
		6AB115491975DC08004F8B15 /* InfoPlist.strings */ = {
			isa = PBXVariantGroup;
			children = (
				6AB1154A1975DC08004F8B15 /* en */,
			);
			name = InfoPlist.strings;
			sourceTree = "<group>";
		};
/* End PBXVariantGroup section */

/* Begin XCBuildConfiguration section */
		6AB1154E1975DC08004F8B15 /* Debug */ = {
			isa = XCBuildConfiguration;
			buildSettings = {
				ALWAYS_SEARCH_USER_PATHS = NO;
				CLANG_CXX_LANGUAGE_STANDARD = "gnu++0x";
				CLANG_CXX_LIBRARY = "libc++";
				CLANG_ENABLE_MODULES = YES;
				CLANG_ENABLE_OBJC_ARC = YES;
				CLANG_WARN_BOOL_CONVERSION = YES;
				CLANG_WARN_CONSTANT_CONVERSION = YES;
				CLANG_WARN_DIRECT_OBJC_ISA_USAGE = YES_ERROR;
				CLANG_WARN_EMPTY_BODY = YES;
				CLANG_WARN_ENUM_CONVERSION = YES;
				CLANG_WARN_INT_CONVERSION = YES;
				CLANG_WARN_OBJC_ROOT_CLASS = YES_ERROR;
				CLANG_WARN__DUPLICATE_METHOD_MATCH = YES;
				"CODE_SIGN_IDENTITY[sdk=iphoneos*]" = "iPhone Developer";
				COPY_PHASE_STRIP = NO;
				GCC_C_LANGUAGE_STANDARD = gnu99;
				GCC_DYNAMIC_NO_PIC = NO;
				GCC_OPTIMIZATION_LEVEL = 0;
				GCC_PREPROCESSOR_DEFINITIONS = (
					"DEBUG=1",
					"$(inherited)",
				);
				GCC_SYMBOLS_PRIVATE_EXTERN = NO;
				GCC_WARN_64_TO_32_BIT_CONVERSION = YES;
				GCC_WARN_ABOUT_RETURN_TYPE = YES_ERROR;
				GCC_WARN_UNDECLARED_SELECTOR = YES;
				GCC_WARN_UNINITIALIZED_AUTOS = YES_AGGRESSIVE;
				GCC_WARN_UNUSED_FUNCTION = YES;
				GCC_WARN_UNUSED_VARIABLE = YES;
				IPHONEOS_DEPLOYMENT_TARGET = 8.1;
				ONLY_ACTIVE_ARCH = YES;
				SDKROOT = iphoneos;
			};
			name = Debug;
		};
		6AB1154F1975DC08004F8B15 /* Release */ = {
			isa = XCBuildConfiguration;
			buildSettings = {
				ALWAYS_SEARCH_USER_PATHS = NO;
				CLANG_CXX_LANGUAGE_STANDARD = "gnu++0x";
				CLANG_CXX_LIBRARY = "libc++";
				CLANG_ENABLE_MODULES = YES;
				CLANG_ENABLE_OBJC_ARC = YES;
				CLANG_WARN_BOOL_CONVERSION = YES;
				CLANG_WARN_CONSTANT_CONVERSION = YES;
				CLANG_WARN_DIRECT_OBJC_ISA_USAGE = YES_ERROR;
				CLANG_WARN_EMPTY_BODY = YES;
				CLANG_WARN_ENUM_CONVERSION = YES;
				CLANG_WARN_INT_CONVERSION = YES;
				CLANG_WARN_OBJC_ROOT_CLASS = YES_ERROR;
				CLANG_WARN__DUPLICATE_METHOD_MATCH = YES;
				"CODE_SIGN_IDENTITY[sdk=iphoneos*]" = "iPhone Developer";
				COPY_PHASE_STRIP = YES;
				ENABLE_NS_ASSERTIONS = NO;
				GCC_C_LANGUAGE_STANDARD = gnu99;
				GCC_WARN_64_TO_32_BIT_CONVERSION = YES;
				GCC_WARN_ABOUT_RETURN_TYPE = YES_ERROR;
				GCC_WARN_UNDECLARED_SELECTOR = YES;
				GCC_WARN_UNINITIALIZED_AUTOS = YES_AGGRESSIVE;
				GCC_WARN_UNUSED_FUNCTION = YES;
				GCC_WARN_UNUSED_VARIABLE = YES;
				IPHONEOS_DEPLOYMENT_TARGET = 8.1;
				SDKROOT = iphoneos;
				VALIDATE_PRODUCT = YES;
			};
			name = Release;
		};
		6AB115511975DC08004F8B15 /* Debug */ = {
			isa = XCBuildConfiguration;
			buildSettings = {
				ASSETCATALOG_COMPILER_APPICON_NAME = AppIcon;
				ASSETCATALOG_COMPILER_LAUNCHIMAGE_NAME = LaunchImage;
				CODE_SIGN_IDENTITY = "iPhone Developer";
				GCC_PRECOMPILE_PREFIX_HEADER = YES;
				GCC_PREFIX_HEADER = "SpaceBlaster/RockBlaster-Prefix.pch";
				INFOPLIST_FILE = "SpaceBlaster/RockBlaster-Info.plist";
				IPHONEOS_DEPLOYMENT_TARGET = 8.1;
				PRODUCT_NAME = RockBlaster;
				SPRITEKIT_TEXTURE_ATLAS_OUTPUT = YES;
				TARGETED_DEVICE_FAMILY = 1;
				WRAPPER_EXTENSION = app;
			};
			name = Debug;
		};
		6AB115521975DC08004F8B15 /* Release */ = {
			isa = XCBuildConfiguration;
			buildSettings = {
				ASSETCATALOG_COMPILER_APPICON_NAME = AppIcon;
				ASSETCATALOG_COMPILER_LAUNCHIMAGE_NAME = LaunchImage;
				CODE_SIGN_IDENTITY = "iPhone Developer";
				GCC_PRECOMPILE_PREFIX_HEADER = YES;
				GCC_PREFIX_HEADER = "SpaceBlaster/RockBlaster-Prefix.pch";
				INFOPLIST_FILE = "SpaceBlaster/RockBlaster-Info.plist";
				IPHONEOS_DEPLOYMENT_TARGET = 8.1;
				PRODUCT_NAME = RockBlaster;
				SPRITEKIT_TEXTURE_ATLAS_OUTPUT = YES;
				TARGETED_DEVICE_FAMILY = 1;
				WRAPPER_EXTENSION = app;
			};
			name = Release;
		};
		6AB115541975DC08004F8B15 /* Debug */ = {
			isa = XCBuildConfiguration;
			buildSettings = {
				BUNDLE_LOADER = "$(BUILT_PRODUCTS_DIR)/SpaceBlaster.app/SpaceBlaster";
				FRAMEWORK_SEARCH_PATHS = (
					"$(SDKROOT)/Developer/Library/Frameworks",
					"$(inherited)",
					"$(DEVELOPER_FRAMEWORKS_DIR)",
				);
				GCC_PRECOMPILE_PREFIX_HEADER = YES;
				GCC_PREFIX_HEADER = "SpaceBlaster/SpaceBlaster-Prefix.pch";
				GCC_PREPROCESSOR_DEFINITIONS = (
					"DEBUG=1",
					"$(inherited)",
				);
				INFOPLIST_FILE = "SpaceBlasterTests/RockBlasterTests-Info.plist";
				PRODUCT_NAME = RockBlasterTests;
				TEST_HOST = "$(BUNDLE_LOADER)";
				WRAPPER_EXTENSION = xctest;
			};
			name = Debug;
		};
		6AB115551975DC08004F8B15 /* Release */ = {
			isa = XCBuildConfiguration;
			buildSettings = {
				BUNDLE_LOADER = "$(BUILT_PRODUCTS_DIR)/SpaceBlaster.app/SpaceBlaster";
				FRAMEWORK_SEARCH_PATHS = (
					"$(SDKROOT)/Developer/Library/Frameworks",
					"$(inherited)",
					"$(DEVELOPER_FRAMEWORKS_DIR)",
				);
				GCC_PRECOMPILE_PREFIX_HEADER = YES;
				GCC_PREFIX_HEADER = "SpaceBlaster/SpaceBlaster-Prefix.pch";
				INFOPLIST_FILE = "SpaceBlasterTests/RockBlasterTests-Info.plist";
				PRODUCT_NAME = RockBlasterTests;
				TEST_HOST = "$(BUNDLE_LOADER)";
				WRAPPER_EXTENSION = xctest;
			};
			name = Release;
		};
/* End XCBuildConfiguration section */

/* Begin XCConfigurationList section */
		6AB115121975DC08004F8B15 /* Build configuration list for PBXProject "RockBlaster" */ = {
			isa = XCConfigurationList;
			buildConfigurations = (
				6AB1154E1975DC08004F8B15 /* Debug */,
				6AB1154F1975DC08004F8B15 /* Release */,
			);
			defaultConfigurationIsVisible = 0;
			defaultConfigurationName = Release;
		};
		6AB115501975DC08004F8B15 /* Build configuration list for PBXNativeTarget "RockBlaster" */ = {
			isa = XCConfigurationList;
			buildConfigurations = (
				6AB115511975DC08004F8B15 /* Debug */,
				6AB115521975DC08004F8B15 /* Release */,
			);
			defaultConfigurationIsVisible = 0;
			defaultConfigurationName = Release;
		};
		6AB115531975DC08004F8B15 /* Build configuration list for PBXNativeTarget "RockBlasterTests" */ = {
			isa = XCConfigurationList;
			buildConfigurations = (
				6AB115541975DC08004F8B15 /* Debug */,
				6AB115551975DC08004F8B15 /* Release */,
			);
			defaultConfigurationIsVisible = 0;
			defaultConfigurationName = Release;
		};
/* End XCConfigurationList section */
	};
	rootObject = 6AB1150F1975DC08004F8B15 /* Project object */;
}
